{
  "originHash" : "45d162d0f632f63252e1f376801292722060d451c6276a65b483c5b6c092b1b0",
  "pins" : [
    {
      "identity" : "anycodable",
      "kind" : "remoteSourceControl",
      "location" : "https://github.com/Flight-School/AnyCodable",
      "state" : {
        "revision" : "862808b2070cd908cb04f9aafe7de83d35f81b05",
        "version" : "0.6.7"
      }
    },
    {
      "identity" : "deuna-ios-client",
      "kind" : "remoteSourceControl",
      "location" : "https://github.com/deuna-developers/deuna-ios-client",
      "state" : {
        "revision" : "ea8265754ca00b7826051ce6ae49f4566d42e184",
        "version" : "1.4.11"
      }
    },
    {
      "identity" : "deuna-sdk-ios",
      "kind" : "remoteSourceControl",
      "location" : "https://github.com/deuna-developers/deuna-sdk-ios",
      "state" : {
        "revision" : "667fc50995ed581f967658395b68c2daa80a80cf",
        "version" : "2.9.4"
      }
    }
  ],
  "version" : 3
}
