// !$*UTF8*$!
{
	archiveVersion = 1;
	classes = {
	};
	objectVersion = 77;
	objects = {

/* Begin PBXBuildFile section */
		D68114D12DF39AB700B24D64 /* DeunaSDK in Frameworks */ = {isa = PBXBuildFile; productRef = D68114D02DF39AB700B24D64 /* DeunaSDK */; };
		D69FE0922E28277D00F96F9B /* DeunaSDK in Frameworks */ = {isa = PBXBuildFile; productRef = D69FE0912E28277D00F96F9B /* DeunaSDK */; };
		D69FE0952E2827DB00F96F9B /* DeunaSDK in Frameworks */ = {isa = PBXBuildFile; productRef = D69FE0942E2827DB00F96F9B /* DeunaSDK */; };
		D6CC7DE22E202A9800E304D9 /* DeunaSDK in Frameworks */ = {isa = PBXBuildFile; productRef = D6CC7DE12E202A9800E304D9 /* DeunaSDK */; };
		D6CC7DE82E20353900E304D9 /* DeunaSDK in Frameworks */ = {isa = PBXBuildFile; productRef = D6CC7DE72E20353900E304D9 /* DeunaSDK */; };
/* End PBXBuildFile section */

/* Begin PBXFileReference section */
		D681149E2DF375DA00B24D64 /* deuna-embedded-widgets.app */ = {isa = PBXFileReference; explicitFileType = wrapper.application; includeInIndex = 0; path = "deuna-embedded-widgets.app"; sourceTree = BUILT_PRODUCTS_DIR; };
		D69FE1912E2FAEA700F96F9B /* deuna-sdk-ios */ = {isa = PBXFileReference; lastKnownFileType = wrapper; name = "deuna-sdk-ios"; path = ../..; sourceTree = "<group>"; };
/* End PBXFileReference section */

/* Begin PBXFileSystemSynchronizedRootGroup section */
		D68114A02DF375DA00B24D64 /* deuna-embedded-widgets */ = {
			isa = PBXFileSystemSynchronizedRootGroup;
			path = "deuna-embedded-widgets";
			sourceTree = "<group>";
		};
/* End PBXFileSystemSynchronizedRootGroup section */

/* Begin PBXFrameworksBuildPhase section */
		D681149B2DF375DA00B24D64 /* Frameworks */ = {
			isa = PBXFrameworksBuildPhase;
			buildActionMask = 2147483647;
			files = (
				D6CC7DE82E20353900E304D9 /* DeunaSDK in Frameworks */,
				D68114D12DF39AB700B24D64 /* DeunaSDK in Frameworks */,
				D69FE0952E2827DB00F96F9B /* DeunaSDK in Frameworks */,
				D6CC7DE22E202A9800E304D9 /* DeunaSDK in Frameworks */,
				D69FE0922E28277D00F96F9B /* DeunaSDK in Frameworks */,
			);
			runOnlyForDeploymentPostprocessing = 0;
		};
/* End PBXFrameworksBuildPhase section */

/* Begin PBXGroup section */
		D68114952DF375D900B24D64 = {
			isa = PBXGroup;
			children = (
				D68114A02DF375DA00B24D64 /* deuna-embedded-widgets */,
				D69FE1902E2FAEA700F96F9B /* Frameworks */,
				D681149F2DF375DA00B24D64 /* Products */,
			);
			sourceTree = "<group>";
		};
		D681149F2DF375DA00B24D64 /* Products */ = {
			isa = PBXGroup;
			children = (
				D681149E2DF375DA00B24D64 /* deuna-embedded-widgets.app */,
			);
			name = Products;
			sourceTree = "<group>";
		};
		D69FE1902E2FAEA700F96F9B /* Frameworks */ = {
			isa = PBXGroup;
			children = (
				D69FE1912E2FAEA700F96F9B /* deuna-sdk-ios */,
			);
			name = Frameworks;
			sourceTree = "<group>";
		};
/* End PBXGroup section */

/* Begin PBXNativeTarget section */
		D681149D2DF375DA00B24D64 /* deuna-embedded-widgets */ = {
			isa = PBXNativeTarget;
			buildConfigurationList = D68114AC2DF375DC00B24D64 /* Build configuration list for PBXNativeTarget "deuna-embedded-widgets" */;
			buildPhases = (
				D681149A2DF375DA00B24D64 /* Sources */,
				D681149B2DF375DA00B24D64 /* Frameworks */,
				D681149C2DF375DA00B24D64 /* Resources */,
			);
			buildRules = (
			);
			dependencies = (
			);
			fileSystemSynchronizedGroups = (
				D68114A02DF375DA00B24D64 /* deuna-embedded-widgets */,
			);
			name = "deuna-embedded-widgets";
			packageProductDependencies = (
				D68114D02DF39AB700B24D64 /* DeunaSDK */,
				D6CC7DE12E202A9800E304D9 /* DeunaSDK */,
				D6CC7DE72E20353900E304D9 /* DeunaSDK */,
				D69FE0912E28277D00F96F9B /* DeunaSDK */,
				D69FE0942E2827DB00F96F9B /* DeunaSDK */,
			);
			productName = "deuna-embedded-widgtes";
			productReference = D681149E2DF375DA00B24D64 /* deuna-embedded-widgets.app */;
			productType = "com.apple.product-type.application";
		};
/* End PBXNativeTarget section */

/* Begin PBXProject section */
		D68114962DF375DA00B24D64 /* Project object */ = {
			isa = PBXProject;
			attributes = {
				BuildIndependentTargetsInParallel = 1;
				LastSwiftUpdateCheck = 1620;
				LastUpgradeCheck = 1620;
				TargetAttributes = {
					D681149D2DF375DA00B24D64 = {
						CreatedOnToolsVersion = 16.2;
					};
				};
			};
			buildConfigurationList = D68114992DF375DA00B24D64 /* Build configuration list for PBXProject "deuna-embedded-widgets" */;
			developmentRegion = en;
			hasScannedForEncodings = 0;
			knownRegions = (
				en,
				Base,
			);
			mainGroup = D68114952DF375D900B24D64;
			minimizedProjectReferenceProxies = 1;
			packageReferences = (
				D69FE0932E2827DB00F96F9B /* XCRemoteSwiftPackageReference "deuna-sdk-ios" */,
			);
			preferredProjectObjectVersion = 77;
			productRefGroup = D681149F2DF375DA00B24D64 /* Products */;
			projectDirPath = "";
			projectRoot = "";
			targets = (
				D681149D2DF375DA00B24D64 /* deuna-embedded-widgets */,
			);
		};
/* End PBXProject section */

/* Begin PBXResourcesBuildPhase section */
		D681149C2DF375DA00B24D64 /* Resources */ = {
			isa = PBXResourcesBuildPhase;
			buildActionMask = 2147483647;
			files = (
			);
			runOnlyForDeploymentPostprocessing = 0;
		};
/* End PBXResourcesBuildPhase section */

/* Begin PBXSourcesBuildPhase section */
		D681149A2DF375DA00B24D64 /* Sources */ = {
			isa = PBXSourcesBuildPhase;
			buildActionMask = 2147483647;
			files = (
			);
			runOnlyForDeploymentPostprocessing = 0;
		};
/* End PBXSourcesBuildPhase section */

/* Begin XCBuildConfiguration section */
		D68114AA2DF375DC00B24D64 /* Debug */ = {
			isa = XCBuildConfiguration;
			buildSettings = {
				ALWAYS_SEARCH_USER_PATHS = NO;
				ASSETCATALOG_COMPILER_GENERATE_SWIFT_ASSET_SYMBOL_EXTENSIONS = YES;
				CLANG_ANALYZER_NONNULL = YES;
				CLANG_ANALYZER_NUMBER_OBJECT_CONVERSION = YES_AGGRESSIVE;
				CLANG_CXX_LANGUAGE_STANDARD = "gnu++20";
				CLANG_ENABLE_MODULES = YES;
				CLANG_ENABLE_OBJC_ARC = YES;
				CLANG_ENABLE_OBJC_WEAK = YES;
				CLANG_WARN_BLOCK_CAPTURE_AUTORELEASING = YES;
				CLANG_WARN_BOOL_CONVERSION = YES;
				CLANG_WARN_COMMA = YES;
				CLANG_WARN_CONSTANT_CONVERSION = YES;
				CLANG_WARN_DEPRECATED_OBJC_IMPLEMENTATIONS = YES;
				CLANG_WARN_DIRECT_OBJC_ISA_USAGE = YES_ERROR;
				CLANG_WARN_DOCUMENTATION_COMMENTS = YES;
				CLANG_WARN_EMPTY_BODY = YES;
				CLANG_WARN_ENUM_CONVERSION = YES;
				CLANG_WARN_INFINITE_RECURSION = YES;
				CLANG_WARN_INT_CONVERSION = YES;
				CLANG_WARN_NON_LITERAL_NULL_CONVERSION = YES;
				CLANG_WARN_OBJC_IMPLICIT_RETAIN_SELF = YES;
				CLANG_WARN_OBJC_LITERAL_CONVERSION = YES;
				CLANG_WARN_OBJC_ROOT_CLASS = YES_ERROR;
				CLANG_WARN_QUOTED_INCLUDE_IN_FRAMEWORK_HEADER = YES;
				CLANG_WARN_RANGE_LOOP_ANALYSIS = YES;
				CLANG_WARN_STRICT_PROTOTYPES = YES;
				CLANG_WARN_SUSPICIOUS_MOVE = YES;
				CLANG_WARN_UNGUARDED_AVAILABILITY = YES_AGGRESSIVE;
				CLANG_WARN_UNREACHABLE_CODE = YES;
				CLANG_WARN__DUPLICATE_METHOD_MATCH = YES;
				COPY_PHASE_STRIP = NO;
				DEBUG_INFORMATION_FORMAT = dwarf;
				ENABLE_STRICT_OBJC_MSGSEND = YES;
				ENABLE_TESTABILITY = YES;
				ENABLE_USER_SCRIPT_SANDBOXING = YES;
				GCC_C_LANGUAGE_STANDARD = gnu17;
				GCC_DYNAMIC_NO_PIC = NO;
				GCC_NO_COMMON_BLOCKS = YES;
				GCC_OPTIMIZATION_LEVEL = 0;
				GCC_PREPROCESSOR_DEFINITIONS = (
					"DEBUG=1",
					"$(inherited)",
				);
				GCC_WARN_64_TO_32_BIT_CONVERSION = YES;
				GCC_WARN_ABOUT_RETURN_TYPE = YES_ERROR;
				GCC_WARN_UNDECLARED_SELECTOR = YES;
				GCC_WARN_UNINITIALIZED_AUTOS = YES_AGGRESSIVE;
				GCC_WARN_UNUSED_FUNCTION = YES;
				GCC_WARN_UNUSED_VARIABLE = YES;
				IPHONEOS_DEPLOYMENT_TARGET = 18.2;
				LOCALIZATION_PREFERS_STRING_CATALOGS = YES;
				MTL_ENABLE_DEBUG_INFO = INCLUDE_SOURCE;
				MTL_FAST_MATH = YES;
				ONLY_ACTIVE_ARCH = YES;
				SDKROOT = iphoneos;
				SWIFT_ACTIVE_COMPILATION_CONDITIONS = "DEBUG $(inherited)";
				SWIFT_OPTIMIZATION_LEVEL = "-Onone";
			};
			name = Debug;
		};
		D68114AB2DF375DC00B24D64 /* Release */ = {
			isa = XCBuildConfiguration;
			buildSettings = {
				ALWAYS_SEARCH_USER_PATHS = NO;
				ASSETCATALOG_COMPILER_GENERATE_SWIFT_ASSET_SYMBOL_EXTENSIONS = YES;
				CLANG_ANALYZER_NONNULL = YES;
				CLANG_ANALYZER_NUMBER_OBJECT_CONVERSION = YES_AGGRESSIVE;
				CLANG_CXX_LANGUAGE_STANDARD = "gnu++20";
				CLANG_ENABLE_MODULES = YES;
				CLANG_ENABLE_OBJC_ARC = YES;
				CLANG_ENABLE_OBJC_WEAK = YES;
				CLANG_WARN_BLOCK_CAPTURE_AUTORELEASING = YES;
				CLANG_WARN_BOOL_CONVERSION = YES;
				CLANG_WARN_COMMA = YES;
				CLANG_WARN_CONSTANT_CONVERSION = YES;
				CLANG_WARN_DEPRECATED_OBJC_IMPLEMENTATIONS = YES;
				CLANG_WARN_DIRECT_OBJC_ISA_USAGE = YES_ERROR;
				CLANG_WARN_DOCUMENTATION_COMMENTS = YES;
				CLANG_WARN_EMPTY_BODY = YES;
				CLANG_WARN_ENUM_CONVERSION = YES;
				CLANG_WARN_INFINITE_RECURSION = YES;
				CLANG_WARN_INT_CONVERSION = YES;
				CLANG_WARN_NON_LITERAL_NULL_CONVERSION = YES;
				CLANG_WARN_OBJC_IMPLICIT_RETAIN_SELF = YES;
				CLANG_WARN_OBJC_LITERAL_CONVERSION = YES;
				CLANG_WARN_OBJC_ROOT_CLASS = YES_ERROR;
				CLANG_WARN_QUOTED_INCLUDE_IN_FRAMEWORK_HEADER = YES;
				CLANG_WARN_RANGE_LOOP_ANALYSIS = YES;
				CLANG_WARN_STRICT_PROTOTYPES = YES;
				CLANG_WARN_SUSPICIOUS_MOVE = YES;
				CLANG_WARN_UNGUARDED_AVAILABILITY = YES_AGGRESSIVE;
				CLANG_WARN_UNREACHABLE_CODE = YES;
				CLANG_WARN__DUPLICATE_METHOD_MATCH = YES;
				COPY_PHASE_STRIP = NO;
				DEBUG_INFORMATION_FORMAT = "dwarf-with-dsym";
				ENABLE_NS_ASSERTIONS = NO;
				ENABLE_STRICT_OBJC_MSGSEND = YES;
				ENABLE_USER_SCRIPT_SANDBOXING = YES;
				GCC_C_LANGUAGE_STANDARD = gnu17;
				GCC_NO_COMMON_BLOCKS = YES;
				GCC_WARN_64_TO_32_BIT_CONVERSION = YES;
				GCC_WARN_ABOUT_RETURN_TYPE = YES_ERROR;
				GCC_WARN_UNDECLARED_SELECTOR = YES;
				GCC_WARN_UNINITIALIZED_AUTOS = YES_AGGRESSIVE;
				GCC_WARN_UNUSED_FUNCTION = YES;
				GCC_WARN_UNUSED_VARIABLE = YES;
				IPHONEOS_DEPLOYMENT_TARGET = 18.2;
				LOCALIZATION_PREFERS_STRING_CATALOGS = YES;
				MTL_ENABLE_DEBUG_INFO = NO;
				MTL_FAST_MATH = YES;
				SDKROOT = iphoneos;
				SWIFT_COMPILATION_MODE = wholemodule;
				VALIDATE_PRODUCT = YES;
			};
			name = Release;
		};
		D68114AD2DF375DC00B24D64 /* Debug */ = {
			isa = XCBuildConfiguration;
			buildSettings = {
				ASSETCATALOG_COMPILER_APPICON_NAME = AppIcon;
				ASSETCATALOG_COMPILER_GLOBAL_ACCENT_COLOR_NAME = AccentColor;
				CODE_SIGN_STYLE = Automatic;
				CURRENT_PROJECT_VERSION = 1;
				DEVELOPMENT_ASSET_PATHS = "\"deuna-embedded-widgets/Preview Content\"";
				DEVELOPMENT_TEAM = 4X8W3GTB3N;
				ENABLE_PREVIEWS = YES;
				GENERATE_INFOPLIST_FILE = YES;
				INFOPLIST_KEY_UIApplicationSceneManifest_Generation = YES;
				INFOPLIST_KEY_UIApplicationSupportsIndirectInputEvents = YES;
				INFOPLIST_KEY_UILaunchScreen_Generation = YES;
				INFOPLIST_KEY_UISupportedInterfaceOrientations_iPad = "UIInterfaceOrientationPortrait UIInterfaceOrientationPortraitUpsideDown UIInterfaceOrientationLandscapeLeft UIInterfaceOrientationLandscapeRight";
				INFOPLIST_KEY_UISupportedInterfaceOrientations_iPhone = "UIInterfaceOrientationPortrait UIInterfaceOrientationLandscapeLeft UIInterfaceOrientationLandscapeRight";
				LD_RUNPATH_SEARCH_PATHS = (
					"$(inherited)",
					"@executable_path/Frameworks",
				);
				MARKETING_VERSION = 1.0;
				PRODUCT_BUNDLE_IDENTIFIER = "com.deuna.deuna-embedded-widgtes";
				PRODUCT_NAME = "$(TARGET_NAME)";
				SWIFT_EMIT_LOC_STRINGS = YES;
				SWIFT_VERSION = 5.0;
				TARGETED_DEVICE_FAMILY = "1,2";
			};
			name = Debug;
		};
		D68114AE2DF375DC00B24D64 /* Release */ = {
			isa = XCBuildConfiguration;
			buildSettings = {
				ASSETCATALOG_COMPILER_APPICON_NAME = AppIcon;
				ASSETCATALOG_COMPILER_GLOBAL_ACCENT_COLOR_NAME = AccentColor;
				CODE_SIGN_STYLE = Automatic;
				CURRENT_PROJECT_VERSION = 1;
				DEVELOPMENT_ASSET_PATHS = "\"deuna-embedded-widgets/Preview Content\"";
				DEVELOPMENT_TEAM = 4X8W3GTB3N;
				ENABLE_PREVIEWS = YES;
				GENERATE_INFOPLIST_FILE = YES;
				INFOPLIST_KEY_UIApplicationSceneManifest_Generation = YES;
				INFOPLIST_KEY_UIApplicationSupportsIndirectInputEvents = YES;
				INFOPLIST_KEY_UILaunchScreen_Generation = YES;
				INFOPLIST_KEY_UISupportedInterfaceOrientations_iPad = "UIInterfaceOrientationPortrait UIInterfaceOrientationPortraitUpsideDown UIInterfaceOrientationLandscapeLeft UIInterfaceOrientationLandscapeRight";
				INFOPLIST_KEY_UISupportedInterfaceOrientations_iPhone = "UIInterfaceOrientationPortrait UIInterfaceOrientationLandscapeLeft UIInterfaceOrientationLandscapeRight";
				LD_RUNPATH_SEARCH_PATHS = (
					"$(inherited)",
					"@executable_path/Frameworks",
				);
				MARKETING_VERSION = 1.0;
				PRODUCT_BUNDLE_IDENTIFIER = "com.deuna.deuna-embedded-widgtes";
				PRODUCT_NAME = "$(TARGET_NAME)";
				SWIFT_EMIT_LOC_STRINGS = YES;
				SWIFT_VERSION = 5.0;
				TARGETED_DEVICE_FAMILY = "1,2";
			};
			name = Release;
		};
/* End XCBuildConfiguration section */

/* Begin XCConfigurationList section */
		D68114992DF375DA00B24D64 /* Build configuration list for PBXProject "deuna-embedded-widgets" */ = {
			isa = XCConfigurationList;
			buildConfigurations = (
				D68114AA2DF375DC00B24D64 /* Debug */,
				D68114AB2DF375DC00B24D64 /* Release */,
			);
			defaultConfigurationIsVisible = 0;
			defaultConfigurationName = Release;
		};
		D68114AC2DF375DC00B24D64 /* Build configuration list for PBXNativeTarget "deuna-embedded-widgets" */ = {
			isa = XCConfigurationList;
			buildConfigurations = (
				D68114AD2DF375DC00B24D64 /* Debug */,
				D68114AE2DF375DC00B24D64 /* Release */,
			);
			defaultConfigurationIsVisible = 0;
			defaultConfigurationName = Release;
		};
/* End XCConfigurationList section */

/* Begin XCRemoteSwiftPackageReference section */
		D69FE0932E2827DB00F96F9B /* XCRemoteSwiftPackageReference "deuna-sdk-ios" */ = {
			isa = XCRemoteSwiftPackageReference;
			repositoryURL = "https://github.com/deuna-developers/deuna-sdk-ios";
			requirement = {
				kind = exactVersion;
				version = 2.9.11;
			};
		};
/* End XCRemoteSwiftPackageReference section */

/* Begin XCSwiftPackageProductDependency section */
		D68114D02DF39AB700B24D64 /* DeunaSDK */ = {
			isa = XCSwiftPackageProductDependency;
			productName = DeunaSDK;
		};
		D69FE0912E28277D00F96F9B /* DeunaSDK */ = {
			isa = XCSwiftPackageProductDependency;
			productName = DeunaSDK;
		};
		D69FE0942E2827DB00F96F9B /* DeunaSDK */ = {
			isa = XCSwiftPackageProductDependency;
			package = D69FE0932E2827DB00F96F9B /* XCRemoteSwiftPackageReference "deuna-sdk-ios" */;
			productName = DeunaSDK;
		};
		D6CC7DE12E202A9800E304D9 /* DeunaSDK */ = {
			isa = XCSwiftPackageProductDependency;
			productName = DeunaSDK;
		};
		D6CC7DE72E20353900E304D9 /* DeunaSDK */ = {
			isa = XCSwiftPackageProductDependency;
			productName = DeunaSDK;
		};
/* End XCSwiftPackageProductDependency section */
	};
	rootObject = D68114962DF375DA00B24D64 /* Project object */;
}
